
Microsoft Visual Studio Solution File, Format Version 12.00
# Visual Studio Version 16
VisualStudioVersion = 16.0.31424.327
MinimumVisualStudioVersion = 10.0.40219.1
Project("{FAE04EC0-301F-11D3-BF4B-00C04F79EFBC}") = "Snake_Ladder_Assignment", "Snake_Ladder_Assignment.csproj", "{C0657EB2-C890-4D4A-9CA9-0EDCB40C07EA}"
EndProject
Global
	GlobalSection(SolutionConfigurationPlatforms) = preSolution
		Debug|Any CPU = Debug|Any CPU
		Release|Any CPU = Release|Any CPU
	EndGlobalSection
	GlobalSection(ProjectConfigurationPlatforms) = postSolution
		{C0657EB2-C890-4D4A-9CA9-0EDCB40C07EA}.Debug|Any CPU.ActiveCfg = Debug|Any CPU
		{C0657EB2-C890-4D4A-9CA9-0EDCB40C07EA}.Debug|Any CPU.Build.0 = Debug|Any CPU
		{C0657EB2-C890-4D4A-9CA9-0EDCB40C07EA}.Release|Any CPU.ActiveCfg = Release|Any CPU
		{C0657EB2-C890-4D4A-9CA9-0EDCB40C07EA}.Release|Any CPU.Build.0 = Release|Any CPU
	EndGlobalSection
	GlobalSection(SolutionProperties) = preSolution
		HideSolutionNode = FALSE
	EndGlobalSection
	GlobalSection(ExtensibilityGlobals) = postSolution
		SolutionGuid = {02D26A1F-022B-4B13-A145-55BEC9F44044}
	EndGlobalSection
EndGlobal
